
Microsoft Visual Studio Solution File, Format Version 12.00
# Visual Studio 15
VisualStudioVersion = 15.0.28307.106
MinimumVisualStudioVersion = 10.0.40219.1
Project("{FAE04EC0-301F-11D3-BF4B-00C04F79EFBC}") = "Blazor_Tutorial", "Blazor_Tutorial\Blazor_Tutorial.csproj", "{A4654204-6262-4FBD-905C-DB2EE6C7D416}"
EndProject
Global
	GlobalSection(SolutionConfigurationPlatforms) = preSolution
		Debug|Any CPU = Debug|Any CPU
		Release|Any CPU = Release|Any CPU
	EndGlobalSection
	GlobalSection(ProjectConfigurationPlatforms) = postSolution
		{A4654204-6262-4FBD-905C-DB2EE6C7D416}.Debug|Any CPU.ActiveCfg = Debug|Any CPU
		{A4654204-6262-4FBD-905C-DB2EE6C7D416}.Debug|Any CPU.Build.0 = Debug|Any CPU
		{A4654204-6262-4FBD-905C-DB2EE6C7D416}.Release|Any CPU.ActiveCfg = Release|Any CPU
		{A4654204-6262-4FBD-905C-DB2EE6C7D416}.Release|Any CPU.Build.0 = Release|Any CPU
	EndGlobalSection
	GlobalSection(SolutionProperties) = preSolution
		HideSolutionNode = FALSE
	EndGlobalSection
	GlobalSection(ExtensibilityGlobals) = postSolution
		SolutionGuid = {69B4747D-A1AA-4E0A-B823-349D12B6FA42}
	EndGlobalSection
EndGlobal
